<?xml version="1.0" encoding="UTF-8"?>
<CodeBlocks_project_file>
	<FileVersion major="1" minor="6"/>
	<Project>
		<Option title="Vodka"/>
		<Option makefile_is_custom="1"/>
		<Option compiler="gcc"/>
		<Option virtualFolders="CMake Files\;CMake Files\..\;CMake Files\..\..\;CMake Files\..\..\..\;CMake Files\..\..\..\..\;CMake Files\..\..\..\..\..\;CMake Files\..\..\..\..\..\usr\;CMake Files\..\..\..\..\..\usr\local\;CMake Files\..\..\..\..\..\usr\local\lib\;CMake Files\..\..\..\..\..\usr\local\lib\cmake\;CMake Files\..\..\..\..\..\usr\local\lib\cmake\nlohmann_json\;"/>
		<Build>
			<Target title="all">
				<Option working_dir="/Users/me/Documents/Projects/Vodka"/>
				<Option type="4"/>
				<MakeCommands>
					<Build command="/usr/local/bin/gmake -f &quot;/Users/me/Documents/Projects/Vodka/Makefile&quot;  VERBOSE=1 all"/>
					<CompileFile command="/usr/local/bin/gmake -f &quot;/Users/me/Documents/Projects/Vodka/Makefile&quot;  VERBOSE=1 &quot;$file&quot;"/>
					<Clean command="/usr/local/bin/gmake -f &quot;/Users/me/Documents/Projects/Vodka/Makefile&quot;  VERBOSE=1 clean"/>
					<DistClean command="/usr/local/bin/gmake -f &quot;/Users/me/Documents/Projects/Vodka/Makefile&quot;  VERBOSE=1 clean"/>
				</MakeCommands>
			</Target>
			<Target title="rebuild_cache">
				<Option working_dir="/Users/me/Documents/Projects/Vodka"/>
				<Option type="4"/>
				<MakeCommands>
					<Build command="/usr/local/bin/gmake -f &quot;/Users/me/Documents/Projects/Vodka/Makefile&quot;  VERBOSE=1 rebuild_cache"/>
					<CompileFile command="/usr/local/bin/gmake -f &quot;/Users/me/Documents/Projects/Vodka/Makefile&quot;  VERBOSE=1 &quot;$file&quot;"/>
					<Clean command="/usr/local/bin/gmake -f &quot;/Users/me/Documents/Projects/Vodka/Makefile&quot;  VERBOSE=1 clean"/>
					<DistClean command="/usr/local/bin/gmake -f &quot;/Users/me/Documents/Projects/Vodka/Makefile&quot;  VERBOSE=1 clean"/>
				</MakeCommands>
			</Target>
			<Target title="edit_cache">
				<Option working_dir="/Users/me/Documents/Projects/Vodka"/>
				<Option type="4"/>
				<MakeCommands>
					<Build command="/usr/local/bin/gmake -f &quot;/Users/me/Documents/Projects/Vodka/Makefile&quot;  VERBOSE=1 edit_cache"/>
					<CompileFile command="/usr/local/bin/gmake -f &quot;/Users/me/Documents/Projects/Vodka/Makefile&quot;  VERBOSE=1 &quot;$file&quot;"/>
					<Clean command="/usr/local/bin/gmake -f &quot;/Users/me/Documents/Projects/Vodka/Makefile&quot;  VERBOSE=1 clean"/>
					<DistClean command="/usr/local/bin/gmake -f &quot;/Users/me/Documents/Projects/Vodka/Makefile&quot;  VERBOSE=1 clean"/>
				</MakeCommands>
			</Target>
			<Target title="Vodka">
				<Option output="/Users/me/Documents/Projects/Vodka/Vodka.exe" prefix_auto="0" extension_auto="0"/>
				<Option working_dir="/Users/me/Documents/Projects/Vodka"/>
				<Option object_output="./"/>
				<Option type="1"/>
				<Option compiler="gcc"/>
				<Compiler>
					<Add option="-DJSON_USE_IMPLICIT_CONVERSIONS=1"/>
					<Add directory="/usr/local/include"/>
				</Compiler>
				<MakeCommands>
					<Build command="/usr/local/bin/gmake -f &quot;/Users/me/Documents/Projects/Vodka/Makefile&quot;  VERBOSE=1 Vodka"/>
					<CompileFile command="/usr/local/bin/gmake -f &quot;/Users/me/Documents/Projects/Vodka/Makefile&quot;  VERBOSE=1 &quot;$file&quot;"/>
					<Clean command="/usr/local/bin/gmake -f &quot;/Users/me/Documents/Projects/Vodka/Makefile&quot;  VERBOSE=1 clean"/>
					<DistClean command="/usr/local/bin/gmake -f &quot;/Users/me/Documents/Projects/Vodka/Makefile&quot;  VERBOSE=1 clean"/>
				</MakeCommands>
			</Target>
			<Target title="Vodka/fast">
				<Option output="/Users/me/Documents/Projects/Vodka/Vodka.exe" prefix_auto="0" extension_auto="0"/>
				<Option working_dir="/Users/me/Documents/Projects/Vodka"/>
				<Option object_output="./"/>
				<Option type="1"/>
				<Option compiler="gcc"/>
				<Compiler>
					<Add option="-DJSON_USE_IMPLICIT_CONVERSIONS=1"/>
					<Add directory="/usr/local/include"/>
				</Compiler>
				<MakeCommands>
					<Build command="/usr/local/bin/gmake -f &quot;/Users/me/Documents/Projects/Vodka/Makefile&quot;  VERBOSE=1 Vodka/fast"/>
					<CompileFile command="/usr/local/bin/gmake -f &quot;/Users/me/Documents/Projects/Vodka/Makefile&quot;  VERBOSE=1 &quot;$file&quot;"/>
					<Clean command="/usr/local/bin/gmake -f &quot;/Users/me/Documents/Projects/Vodka/Makefile&quot;  VERBOSE=1 clean"/>
					<DistClean command="/usr/local/bin/gmake -f &quot;/Users/me/Documents/Projects/Vodka/Makefile&quot;  VERBOSE=1 clean"/>
				</MakeCommands>
			</Target>
		</Build>
		<Unit filename="/Users/me/Documents/Projects/Vodka/lib/extensions.cpp">
			<Option target="Vodka"/>
		</Unit>
		<Unit filename="/Users/me/Documents/Projects/Vodka/lib/extensions.h">
			<Option target="Vodka"/>
		</Unit>
		<Unit filename="/Users/me/Documents/Projects/Vodka/main.cpp">
			<Option target="Vodka"/>
		</Unit>
		<Unit filename="/Users/me/Documents/Projects/Vodka/CMakeLists.txt">
			<Option virtualFolder="CMake Files\"/>
		</Unit>
		<Unit filename="/Users/me/Documents/Projects/Vodka/mingw.cmake">
			<Option virtualFolder="CMake Files\"/>
		</Unit>
		<Unit filename="/Users/me/Documents/Projects/Vodka/../../../../../usr/local/lib/cmake/nlohmann_json/nlohmann_jsonConfig.cmake">
			<Option virtualFolder="CMake Files\..\..\..\..\..\usr\local\lib\cmake\nlohmann_json\"/>
		</Unit>
		<Unit filename="/Users/me/Documents/Projects/Vodka/../../../../../usr/local/lib/cmake/nlohmann_json/nlohmann_jsonConfigVersion.cmake">
			<Option virtualFolder="CMake Files\..\..\..\..\..\usr\local\lib\cmake\nlohmann_json\"/>
		</Unit>
		<Unit filename="/Users/me/Documents/Projects/Vodka/../../../../../usr/local/lib/cmake/nlohmann_json/nlohmann_jsonTargets.cmake">
			<Option virtualFolder="CMake Files\..\..\..\..\..\usr\local\lib\cmake\nlohmann_json\"/>
		</Unit>
	</Project>
</CodeBlocks_project_file>
